
Microsoft Visual Studio Solution File, Format Version 12.00
# Visual Studio Version 16
VisualStudioVersion = 16.0.33027.164
MinimumVisualStudioVersion = 10.0.40219.1
Project("{FAE04EC0-301F-11D3-BF4B-00C04F79EFBC}") = "Rose2Ogre", "Rose2Ogre\Rose2Ogre.csproj", "{C7A8F788-6210-48EE-9FF5-85104ADCC524}"
EndProject
Project("{FAE04EC0-301F-11D3-BF4B-00C04F79EFBC}") = "Mogre.Base", "Mogre.Base\Mogre.Base.csproj", "{6F7DD672-BBDD-4EED-B207-1BCBEA6D68B4}"
EndProject
Project("{FAE04EC0-301F-11D3-BF4B-00C04F79EFBC}") = "Rose2Godot", "Rose2Godot\Rose2Godot.csproj", "{585324F8-7128-4E83-902D-DD4F734A5D58}"
EndProject
Project("{FAE04EC0-301F-11D3-BF4B-00C04F79EFBC}") = "Godot.Core", "Godot.Core\Godot.Core.csproj", "{62A5C1B4-A63F-423C-9BD1-1CF5FF967978}"
EndProject
Global
	GlobalSection(SolutionConfigurationPlatforms) = preSolution
		Debug|Any CPU = Debug|Any CPU
		Debug|x86 = Debug|x86
		Release|Any CPU = Release|Any CPU
		Release|x86 = Release|x86
	EndGlobalSection
	GlobalSection(ProjectConfigurationPlatforms) = postSolution
		{C7A8F788-6210-48EE-9FF5-85104ADCC524}.Debug|Any CPU.ActiveCfg = Debug|x86
		{C7A8F788-6210-48EE-9FF5-85104ADCC524}.Debug|x86.ActiveCfg = Debug|x86
		{C7A8F788-6210-48EE-9FF5-85104ADCC524}.Debug|x86.Build.0 = Debug|x86
		{C7A8F788-6210-48EE-9FF5-85104ADCC524}.Release|Any CPU.ActiveCfg = Release|x86
		{C7A8F788-6210-48EE-9FF5-85104ADCC524}.Release|x86.ActiveCfg = Release|x86
		{C7A8F788-6210-48EE-9FF5-85104ADCC524}.Release|x86.Build.0 = Release|x86
		{6F7DD672-BBDD-4EED-B207-1BCBEA6D68B4}.Debug|Any CPU.ActiveCfg = Debug|Any CPU
		{6F7DD672-BBDD-4EED-B207-1BCBEA6D68B4}.Debug|Any CPU.Build.0 = Debug|Any CPU
		{6F7DD672-BBDD-4EED-B207-1BCBEA6D68B4}.Debug|x86.ActiveCfg = Debug|Any CPU
		{6F7DD672-BBDD-4EED-B207-1BCBEA6D68B4}.Debug|x86.Build.0 = Debug|Any CPU
		{6F7DD672-BBDD-4EED-B207-1BCBEA6D68B4}.Release|Any CPU.ActiveCfg = Release|Any CPU
		{6F7DD672-BBDD-4EED-B207-1BCBEA6D68B4}.Release|Any CPU.Build.0 = Release|Any CPU
		{6F7DD672-BBDD-4EED-B207-1BCBEA6D68B4}.Release|x86.ActiveCfg = Release|Any CPU
		{6F7DD672-BBDD-4EED-B207-1BCBEA6D68B4}.Release|x86.Build.0 = Release|Any CPU
		{585324F8-7128-4E83-902D-DD4F734A5D58}.Debug|Any CPU.ActiveCfg = Debug|Any CPU
		{585324F8-7128-4E83-902D-DD4F734A5D58}.Debug|Any CPU.Build.0 = Debug|Any CPU
		{585324F8-7128-4E83-902D-DD4F734A5D58}.Debug|x86.ActiveCfg = Debug|Any CPU
		{585324F8-7128-4E83-902D-DD4F734A5D58}.Debug|x86.Build.0 = Debug|Any CPU
		{585324F8-7128-4E83-902D-DD4F734A5D58}.Release|Any CPU.ActiveCfg = Release|Any CPU
		{585324F8-7128-4E83-902D-DD4F734A5D58}.Release|Any CPU.Build.0 = Release|Any CPU
		{585324F8-7128-4E83-902D-DD4F734A5D58}.Release|x86.ActiveCfg = Release|Any CPU
		{585324F8-7128-4E83-902D-DD4F734A5D58}.Release|x86.Build.0 = Release|Any CPU
		{62A5C1B4-A63F-423C-9BD1-1CF5FF967978}.Debug|Any CPU.ActiveCfg = Debug|Any CPU
		{62A5C1B4-A63F-423C-9BD1-1CF5FF967978}.Debug|Any CPU.Build.0 = Debug|Any CPU
		{62A5C1B4-A63F-423C-9BD1-1CF5FF967978}.Debug|x86.ActiveCfg = Debug|Any CPU
		{62A5C1B4-A63F-423C-9BD1-1CF5FF967978}.Debug|x86.Build.0 = Debug|Any CPU
		{62A5C1B4-A63F-423C-9BD1-1CF5FF967978}.Release|Any CPU.ActiveCfg = Release|Any CPU
		{62A5C1B4-A63F-423C-9BD1-1CF5FF967978}.Release|Any CPU.Build.0 = Release|Any CPU
		{62A5C1B4-A63F-423C-9BD1-1CF5FF967978}.Release|x86.ActiveCfg = Release|Any CPU
		{62A5C1B4-A63F-423C-9BD1-1CF5FF967978}.Release|x86.Build.0 = Release|Any CPU
	EndGlobalSection
	GlobalSection(SolutionProperties) = preSolution
		HideSolutionNode = FALSE
	EndGlobalSection
	GlobalSection(ExtensibilityGlobals) = postSolution
		SolutionGuid = {D6A8442F-008F-4714-AE80-37D6E2D7A52A}
	EndGlobalSection
EndGlobal
